{
  "name": "dev-reactime",
  "version": "3.1.1",
  "lockfileVersion": 1,
  "requires": true,
  "dependencies": {
    "acorn": {
      "version": "7.1.0",
      "resolved": "https://registry.npmjs.org/acorn/-/acorn-7.1.0.tgz",
      "integrity": "sha512-kL5CuoXA/dgxlBbVrflsflzQ3PAas7RYZB52NOm/6839iVYJgKMJ3cQJD+t2i5+qFa8h3MDpEOJiS64E8JLnSQ=="
    },
    "acorn-jsx": {
      "version": "5.1.0",
      "resolved": "https://registry.npmjs.org/acorn-jsx/-/acorn-jsx-5.1.0.tgz",
      "integrity": "sha512-tMUqwBWfLFbJbizRmEcWSLw6HnFzfdJs2sOJEOwwtVPMoH/0Ay+E703oZz78VSXZiiDcZrQ5XKjPIUQixhmgVw=="
    }
  }
}
