{
  "name": "reactime",
  "version": "3.1.1",
  "lockfileVersion": 1,
  "requires": true,
  "dependencies": {
    "acorn": {
      "version": "7.1.1",
      "resolved": "https://registry.npmjs.org/acorn/-/acorn-7.1.1.tgz",
      "integrity": "sha512-add7dgA5ppRPxCFJoAGfMDi7PIBXq1RtGo7BhbLaxwrXPOmw8gq48Y9ozT01hUKy9byMjlR20EJhu5zlkErEkg=="
    },
    "acorn-jsx": {
      "version": "5.1.0",
      "resolved": "https://registry.npmjs.org/acorn-jsx/-/acorn-jsx-5.1.0.tgz",
      "integrity": "sha512-tMUqwBWfLFbJbizRmEcWSLw6HnFzfdJs2sOJEOwwtVPMoH/0Ay+E703oZz78VSXZiiDcZrQ5XKjPIUQixhmgVw=="
    }
  }
}
